
Microsoft Visual Studio Solution File, Format Version 12.00
# Visual Studio Version 17
VisualStudioVersion = 17.9.34728.123
MinimumVisualStudioVersion = 10.0.40219.1
Project("{FAE04EC0-301F-11D3-BF4B-00C04F79EFBC}") = "SqlBackup", "SqlBackup\SqlBackup.csproj", "{D743442F-A6AD-40E4-AFC9-1BC91D9C5D46}"
EndProject
Global
	GlobalSection(SolutionConfigurationPlatforms) = preSolution
		Debug|Any CPU = Debug|Any CPU
		Release|Any CPU = Release|Any CPU
	EndGlobalSection
	GlobalSection(ProjectConfigurationPlatforms) = postSolution
		{D743442F-A6AD-40E4-AFC9-1BC91D9C5D46}.Debug|Any CPU.ActiveCfg = Debug|Any CPU
		{D743442F-A6AD-40E4-AFC9-1BC91D9C5D46}.Debug|Any CPU.Build.0 = Debug|Any CPU
		{D743442F-A6AD-40E4-AFC9-1BC91D9C5D46}.Release|Any CPU.ActiveCfg = Release|Any CPU
		{D743442F-A6AD-40E4-AFC9-1BC91D9C5D46}.Release|Any CPU.Build.0 = Release|Any CPU
	EndGlobalSection
	GlobalSection(SolutionProperties) = preSolution
		HideSolutionNode = FALSE
	EndGlobalSection
	GlobalSection(ExtensibilityGlobals) = postSolution
		SolutionGuid = {77FDB962-B033-43A2-B27D-659E8E3E2A46}
	EndGlobalSection
EndGlobal
